
Microsoft Visual Studio Solution File, Format Version 12.00
# Visual Studio Version 17
VisualStudioVersion = 17.10.35013.160
MinimumVisualStudioVersion = 10.0.40219.1
Project("{FAE04EC0-301F-11D3-BF4B-00C04F79EFBC}") = "Osiloskop", "Osiloskop\Osiloskop.csproj", "{BF0EC226-FDC9-44C7-8473-D61ACDA31538}"
EndProject
Global
	GlobalSection(SolutionConfigurationPlatforms) = preSolution
		Debug|Any CPU = Debug|Any CPU
		Release|Any CPU = Release|Any CPU
	EndGlobalSection
	GlobalSection(ProjectConfigurationPlatforms) = postSolution
		{BF0EC226-FDC9-44C7-8473-D61ACDA31538}.Debug|Any CPU.ActiveCfg = Debug|Any CPU
		{BF0EC226-FDC9-44C7-8473-D61ACDA31538}.Debug|Any CPU.Build.0 = Debug|Any CPU
		{BF0EC226-FDC9-44C7-8473-D61ACDA31538}.Release|Any CPU.ActiveCfg = Release|Any CPU
		{BF0EC226-FDC9-44C7-8473-D61ACDA31538}.Release|Any CPU.Build.0 = Release|Any CPU
	EndGlobalSection
	GlobalSection(SolutionProperties) = preSolution
		HideSolutionNode = FALSE
	EndGlobalSection
	GlobalSection(ExtensibilityGlobals) = postSolution
		SolutionGuid = {2E8DFD87-0258-4B89-86D6-B893AA92FE5E}
	EndGlobalSection
EndGlobal
